
Microsoft Visual Studio Solution File, Format Version 12.00
# Visual Studio Version 17
VisualStudioVersion = 17.2.32630.192
MinimumVisualStudioVersion = 10.0.40219.1
Project("{888888A0-9F3D-457C-B088-3A5042F75D52}") = "abstrract_pic", "abstrract_pic\abstrract_pic.pyproj", "{82435BDC-9B00-4FB2-A827-1EEC6ADC6F8C}"
EndProject
Global
	GlobalSection(SolutionConfigurationPlatforms) = preSolution
		Debug|Any CPU = Debug|Any CPU
		Release|Any CPU = Release|Any CPU
	EndGlobalSection
	GlobalSection(ProjectConfigurationPlatforms) = postSolution
		{82435BDC-9B00-4FB2-A827-1EEC6ADC6F8C}.Debug|Any CPU.ActiveCfg = Debug|Any CPU
		{82435BDC-9B00-4FB2-A827-1EEC6ADC6F8C}.Release|Any CPU.ActiveCfg = Release|Any CPU
	EndGlobalSection
	GlobalSection(SolutionProperties) = preSolution
		HideSolutionNode = FALSE
	EndGlobalSection
	GlobalSection(ExtensibilityGlobals) = postSolution
		SolutionGuid = {86E42DD7-A911-4975-85CC-BD2C2297D633}
	EndGlobalSection
EndGlobal
